// !$*UTF8*$!
{
	archiveVersion = 1;
	classes = {
	};
	objectVersion = 100;
	objects = {

/* Begin PBXContainerItemProxy section */
		8F68A7042FCCB045005956EC /* PBXContainerItemProxy */ = {
			isa = PBXContainerItemProxy;
			containerPortal = 8FC4112C2F957D0F00097695 /* Project object */;
			proxyType = 1;
			remoteGlobalIDString = 8FC411332F957D0F00097695;
			remoteInfo = Loupe;
		};
/* End PBXContainerItemProxy section */

/* Begin PBXFileReference section */
		8F68A6FE2FCCB045005956EC /* LoupeUITests.xctest */ = {isa = PBXFileReference; explicitFileType = wrapper.cfbundle; includeInIndex = 0; path = LoupeUITests.xctest; sourceTree = BUILT_PRODUCTS_DIR; };
		8FC411342F957D0F00097695 /* Loupe.app */ = {isa = PBXFileReference; explicitFileType = wrapper.application; includeInIndex = 0; path = Loupe.app; sourceTree = BUILT_PRODUCTS_DIR; };
		8FCF160000000000000000C1 /* Signing.xcconfig */ = {isa = PBXFileReference; lastKnownFileType = text.xcconfig; path = Signing.xcconfig; sourceTree = "<group>"; };
		8FCF160000000000000000C2 /* Signing.local.xcconfig.example */ = {isa = PBXFileReference; lastKnownFileType = text; path = Signing.local.xcconfig.example; sourceTree = "<group>"; };
/* End PBXFileReference section */

/* Begin PBXFileSystemSynchronizedBuildFileExceptionSet section */
		8FAA51772FA52E290082E891 /* Exceptions for "Loupe" folder in "Loupe" target */ = {
			isa = PBXFileSystemSynchronizedBuildFileExceptionSet;
			membershipExceptions = (
				Info.plist,
			);
			target = 8FC411332F957D0F00097695 /* Loupe */;
		};
/* End PBXFileSystemSynchronizedBuildFileExceptionSet section */

/* Begin PBXFileSystemSynchronizedRootGroup section */
		8F68A6FF2FCCB045005956EC /* LoupeUITests */ = {
			isa = PBXFileSystemSynchronizedRootGroup;
			path = LoupeUITests;
			sourceTree = "<group>";
		};
		8FAA513F2FA52DF90082E891 /* Loupe */ = {
			isa = PBXFileSystemSynchronizedRootGroup;
			exceptions = (
				8FAA51772FA52E290082E891 /* Exceptions for "Loupe" folder in "Loupe" target */,
			);
			path = Loupe;
			sourceTree = "<group>";
		};
/* End PBXFileSystemSynchronizedRootGroup section */

/* Begin PBXFrameworksBuildPhase section */
		8F68A6FB2FCCB045005956EC /* Frameworks */ = {
			isa = PBXFrameworksBuildPhase;
			files = (
			);
		};
		8FC411312F957D0F00097695 /* Frameworks */ = {
			isa = PBXFrameworksBuildPhase;
			files = (
			);
		};
/* End PBXFrameworksBuildPhase section */

/* Begin PBXGroup section */
		8FC4112B2F957D0F00097695 = {
			isa = PBXGroup;
			children = (
				8FCF160000000000000000C0 /* Config */,
				8FAA513F2FA52DF90082E891 /* Loupe */,
				8F68A6FF2FCCB045005956EC /* LoupeUITests */,
				8FC411352F957D0F00097695 /* Products */,
			);
			sourceTree = "<group>";
		};
		8FC411352F957D0F00097695 /* Products */ = {
			isa = PBXGroup;
			children = (
				8FC411342F957D0F00097695 /* Loupe.app */,
				8F68A6FE2FCCB045005956EC /* LoupeUITests.xctest */,
			);
			name = Products;
			sourceTree = "<group>";
		};
		8FCF160000000000000000C0 /* Config */ = {
			isa = PBXGroup;
			children = (
				8FCF160000000000000000C1 /* Signing.xcconfig */,
				8FCF160000000000000000C2 /* Signing.local.xcconfig.example */,
			);
			path = Config;
			sourceTree = "<group>";
		};
/* End PBXGroup section */

/* Begin PBXNativeTarget section */
		8F68A6FD2FCCB045005956EC /* LoupeUITests */ = {
			isa = PBXNativeTarget;
			buildConfigurationList = 8F68A7062FCCB045005956EC /* Build configuration list for PBXNativeTarget "LoupeUITests" */;
			buildPhases = (
				8F68A6FA2FCCB045005956EC /* Sources */,
				8F68A6FB2FCCB045005956EC /* Frameworks */,
				8F68A6FC2FCCB045005956EC /* Resources */,
			);
			buildRules = (
			);
			dependencies = (
				8F68A7052FCCB045005956EC /* PBXTargetDependency */,
			);
			fileSystemSynchronizedGroups = (
				8F68A6FF2FCCB045005956EC /* LoupeUITests */,
			);
			name = LoupeUITests;
			productName = LoupeUITests;
			productReference = 8F68A6FE2FCCB045005956EC /* LoupeUITests.xctest */;
			productType = "com.apple.product-type.bundle.ui-testing";
		};
		8FC411332F957D0F00097695 /* Loupe */ = {
			isa = PBXNativeTarget;
			buildConfigurationList = 8FC4113F2F957D1000097695 /* Build configuration list for PBXNativeTarget "Loupe" */;
			buildPhases = (
				8FC411302F957D0F00097695 /* Sources */,
				8FC411312F957D0F00097695 /* Frameworks */,
				8FC411322F957D0F00097695 /* Resources */,
			);
			buildRules = (
			);
			fileSystemSynchronizedGroups = (
				8FAA513F2FA52DF90082E891 /* Loupe */,
			);
			name = Loupe;
			productName = Loupe;
			productReference = 8FC411342F957D0F00097695 /* Loupe.app */;
			productType = "com.apple.product-type.application";
		};
/* End PBXNativeTarget section */

/* Begin PBXProject section */
		8FC4112C2F957D0F00097695 /* Project object */ = {
			isa = PBXProject;
			attributes = {
				BuildIndependentTargetsInParallel = 1;
				LastSwiftUpdateCheck = 2650;
				LastUpgradeCheck = 2650;
				TargetAttributes = {
					8F68A6FD2FCCB045005956EC = {
						CreatedOnToolsVersion = 26.5;
						TestTargetID = 8FC411332F957D0F00097695;
					};
					8FC411332F957D0F00097695 = {
						CreatedOnToolsVersion = 26.4;
					};
				};
			};
			buildConfigurationList = 8FC4112F2F957D0F00097695 /* Build configuration list for PBXProject "Loupe" */;
			developmentRegion = en;
			hasScannedForEncodings = 0;
			knownRegions = (
				en,
				Base,
				ar,
				de,
				es,
				fr,
				it,
				ja,
				ko,
				pl,
				"pt-BR",
				"pt-PT",
				ru,
				tr,
				uk,
				vi,
				"zh-Hans",
				"zh-Hant",
			);
			mainGroup = 8FC4112B2F957D0F00097695;
			minimizedProjectReferenceProxies = 1;
			preferredProjectObjectVersion = 100;
			productRefGroup = 8FC411352F957D0F00097695 /* Products */;
			projectDirPath = "";
			projectRoot = "";
			targets = (
				8FC411332F957D0F00097695 /* Loupe */,
				8F68A6FD2FCCB045005956EC /* LoupeUITests */,
			);
		};
/* End PBXProject section */

/* Begin PBXResourcesBuildPhase section */
		8F68A6FC2FCCB045005956EC /* Resources */ = {
			isa = PBXResourcesBuildPhase;
			files = (
			);
		};
		8FC411322F957D0F00097695 /* Resources */ = {
			isa = PBXResourcesBuildPhase;
			files = (
			);
		};
/* End PBXResourcesBuildPhase section */

/* Begin PBXSourcesBuildPhase section */
		8F68A6FA2FCCB045005956EC /* Sources */ = {
			isa = PBXSourcesBuildPhase;
			files = (
			);
		};
		8FC411302F957D0F00097695 /* Sources */ = {
			isa = PBXSourcesBuildPhase;
			files = (
			);
		};
/* End PBXSourcesBuildPhase section */

/* Begin PBXTargetDependency section */
		8F68A7052FCCB045005956EC /* PBXTargetDependency */ = {
			isa = PBXTargetDependency;
			target = 8FC411332F957D0F00097695 /* Loupe */;
			targetProxy = 8F68A7042FCCB045005956EC /* PBXContainerItemProxy */;
		};
/* End PBXTargetDependency section */

/* Begin XCBuildConfiguration section */
		8F68A7072FCCB045005956EC /* Debug configuration for PBXNativeTarget "LoupeUITests" */ = {
			isa = XCBuildConfiguration;
			buildSettings = {
				CODE_SIGN_STYLE = Automatic;
				CURRENT_PROJECT_VERSION = 1;
				GENERATE_INFOPLIST_FILE = YES;
				IPHONEOS_DEPLOYMENT_TARGET = 16.0;
				MARKETING_VERSION = 1.0;
				PRODUCT_BUNDLE_IDENTIFIER = "$(LOUPE_UITESTS_BUNDLE_ID)";
				PRODUCT_NAME = "$(TARGET_NAME)";
				STRING_CATALOG_GENERATE_SYMBOLS = NO;
				SUPPORTED_PLATFORMS = "iphoneos iphonesimulator";
				SUPPORTS_MACCATALYST = NO;
				SUPPORTS_MAC_DESIGNED_FOR_IPHONE_IPAD = NO;
				SUPPORTS_XR_DESIGNED_FOR_IPHONE_IPAD = NO;
				SWIFT_APPROACHABLE_CONCURRENCY = YES;
				SWIFT_EMIT_LOC_STRINGS = NO;
				SWIFT_UPCOMING_FEATURE_MEMBER_IMPORT_VISIBILITY = YES;
				SWIFT_VERSION = 5.0;
				TARGETED_DEVICE_FAMILY = "1,2";
				TEST_TARGET_NAME = Loupe;
			};
			name = Debug;
		};
		8F68A7082FCCB045005956EC /* Release configuration for PBXNativeTarget "LoupeUITests" */ = {
			isa = XCBuildConfiguration;
			buildSettings = {
				CODE_SIGN_STYLE = Automatic;
				CURRENT_PROJECT_VERSION = 1;
				GENERATE_INFOPLIST_FILE = YES;
				IPHONEOS_DEPLOYMENT_TARGET = 16.0;
				MARKETING_VERSION = 1.0;
				PRODUCT_BUNDLE_IDENTIFIER = "$(LOUPE_UITESTS_BUNDLE_ID)";
				PRODUCT_NAME = "$(TARGET_NAME)";
				STRING_CATALOG_GENERATE_SYMBOLS = NO;
				SUPPORTED_PLATFORMS = "iphoneos iphonesimulator";
				SUPPORTS_MACCATALYST = NO;
				SUPPORTS_MAC_DESIGNED_FOR_IPHONE_IPAD = NO;
				SUPPORTS_XR_DESIGNED_FOR_IPHONE_IPAD = NO;
				SWIFT_APPROACHABLE_CONCURRENCY = YES;
				SWIFT_EMIT_LOC_STRINGS = NO;
				SWIFT_UPCOMING_FEATURE_MEMBER_IMPORT_VISIBILITY = YES;
				SWIFT_VERSION = 5.0;
				TARGETED_DEVICE_FAMILY = "1,2";
				TEST_TARGET_NAME = Loupe;
			};
			name = Release;
		};
		8FC4113D2F957D1000097695 /* Debug configuration for PBXProject "Loupe" */ = {
			isa = XCBuildConfiguration;
			baseConfigurationReference = 8FCF160000000000000000C1 /* Signing.xcconfig */;
			buildSettings = {
				ALWAYS_SEARCH_USER_PATHS = NO;
				ASSETCATALOG_COMPILER_GENERATE_SWIFT_ASSET_SYMBOL_EXTENSIONS = YES;
				CLANG_ANALYZER_NONNULL = YES;
				CLANG_ANALYZER_NUMBER_OBJECT_CONVERSION = YES_AGGRESSIVE;
				CLANG_CXX_LANGUAGE_STANDARD = "gnu++20";
				CLANG_ENABLE_MODULES = YES;
				CLANG_ENABLE_OBJC_ARC = YES;
				CLANG_ENABLE_OBJC_WEAK = YES;
				CLANG_WARN_BLOCK_CAPTURE_AUTORELEASING = YES;
				CLANG_WARN_BOOL_CONVERSION = YES;
				CLANG_WARN_COMMA = YES;
				CLANG_WARN_CONSTANT_CONVERSION = YES;
				CLANG_WARN_DEPRECATED_OBJC_IMPLEMENTATIONS = YES;
				CLANG_WARN_DIRECT_OBJC_ISA_USAGE = YES_ERROR;
				CLANG_WARN_DOCUMENTATION_COMMENTS = YES;
				CLANG_WARN_EMPTY_BODY = YES;
				CLANG_WARN_ENUM_CONVERSION = YES;
				CLANG_WARN_INFINITE_RECURSION = YES;
				CLANG_WARN_INT_CONVERSION = YES;
				CLANG_WARN_NON_LITERAL_NULL_CONVERSION = YES;
				CLANG_WARN_OBJC_IMPLICIT_RETAIN_SELF = YES;
				CLANG_WARN_OBJC_LITERAL_CONVERSION = YES;
				CLANG_WARN_OBJC_ROOT_CLASS = YES_ERROR;
				CLANG_WARN_QUOTED_INCLUDE_IN_FRAMEWORK_HEADER = YES;
				CLANG_WARN_RANGE_LOOP_ANALYSIS = YES;
				CLANG_WARN_STRICT_PROTOTYPES = YES;
				CLANG_WARN_SUSPICIOUS_MOVE = YES;
				CLANG_WARN_UNGUARDED_AVAILABILITY = YES_AGGRESSIVE;
				CLANG_WARN_UNREACHABLE_CODE = YES;
				CLANG_WARN__DUPLICATE_METHOD_MATCH = YES;
				COPY_PHASE_STRIP = NO;
				DEBUG_INFORMATION_FORMAT = dwarf;
				ENABLE_STRICT_OBJC_MSGSEND = YES;
				ENABLE_TESTABILITY = YES;
				ENABLE_USER_SCRIPT_SANDBOXING = YES;
				GCC_C_LANGUAGE_STANDARD = gnu17;
				GCC_DYNAMIC_NO_PIC = NO;
				GCC_NO_COMMON_BLOCKS = YES;
				GCC_OPTIMIZATION_LEVEL = 0;
				GCC_PREPROCESSOR_DEFINITIONS = (
					"DEBUG=1",
					"$(inherited)",
				);
				GCC_WARN_64_TO_32_BIT_CONVERSION = YES;
				GCC_WARN_ABOUT_RETURN_TYPE = YES_ERROR;
				GCC_WARN_UNDECLARED_SELECTOR = YES;
				GCC_WARN_UNINITIALIZED_AUTOS = YES_AGGRESSIVE;
				GCC_WARN_UNUSED_FUNCTION = YES;
				GCC_WARN_UNUSED_VARIABLE = YES;
				IPHONEOS_DEPLOYMENT_TARGET = 16.0;
				LOCALIZATION_PREFERS_STRING_CATALOGS = YES;
				MTL_ENABLE_DEBUG_INFO = INCLUDE_SOURCE;
				MTL_FAST_MATH = YES;
				ONLY_ACTIVE_ARCH = YES;
				SDKROOT = iphoneos;
				STRING_CATALOG_GENERATE_SYMBOLS = YES;
				SWIFT_ACTIVE_COMPILATION_CONDITIONS = "DEBUG $(inherited)";
				SWIFT_EMIT_LOC_STRINGS = YES;
				SWIFT_OPTIMIZATION_LEVEL = "-Onone";
			};
			name = Debug;
		};
		8FC4113E2F957D1000097695 /* Release configuration for PBXProject "Loupe" */ = {
			isa = XCBuildConfiguration;
			baseConfigurationReference = 8FCF160000000000000000C1 /* Signing.xcconfig */;
			buildSettings = {
				ALWAYS_SEARCH_USER_PATHS = NO;
				ASSETCATALOG_COMPILER_GENERATE_SWIFT_ASSET_SYMBOL_EXTENSIONS = YES;
				CLANG_ANALYZER_NONNULL = YES;
				CLANG_ANALYZER_NUMBER_OBJECT_CONVERSION = YES_AGGRESSIVE;
				CLANG_CXX_LANGUAGE_STANDARD = "gnu++20";
				CLANG_ENABLE_MODULES = YES;
				CLANG_ENABLE_OBJC_ARC = YES;
				CLANG_ENABLE_OBJC_WEAK = YES;
				CLANG_WARN_BLOCK_CAPTURE_AUTORELEASING = YES;
				CLANG_WARN_BOOL_CONVERSION = YES;
				CLANG_WARN_COMMA = YES;
				CLANG_WARN_CONSTANT_CONVERSION = YES;
				CLANG_WARN_DEPRECATED_OBJC_IMPLEMENTATIONS = YES;
				CLANG_WARN_DIRECT_OBJC_ISA_USAGE = YES_ERROR;
				CLANG_WARN_DOCUMENTATION_COMMENTS = YES;
				CLANG_WARN_EMPTY_BODY = YES;
				CLANG_WARN_ENUM_CONVERSION = YES;
				CLANG_WARN_INFINITE_RECURSION = YES;
				CLANG_WARN_INT_CONVERSION = YES;
				CLANG_WARN_NON_LITERAL_NULL_CONVERSION = YES;
				CLANG_WARN_OBJC_IMPLICIT_RETAIN_SELF = YES;
				CLANG_WARN_OBJC_LITERAL_CONVERSION = YES;
				CLANG_WARN_OBJC_ROOT_CLASS = YES_ERROR;
				CLANG_WARN_QUOTED_INCLUDE_IN_FRAMEWORK_HEADER = YES;
				CLANG_WARN_RANGE_LOOP_ANALYSIS = YES;
				CLANG_WARN_STRICT_PROTOTYPES = YES;
				CLANG_WARN_SUSPICIOUS_MOVE = YES;
				CLANG_WARN_UNGUARDED_AVAILABILITY = YES_AGGRESSIVE;
				CLANG_WARN_UNREACHABLE_CODE = YES;
				CLANG_WARN__DUPLICATE_METHOD_MATCH = YES;
				COPY_PHASE_STRIP = NO;
				DEBUG_INFORMATION_FORMAT = "dwarf-with-dsym";
				ENABLE_NS_ASSERTIONS = NO;
				ENABLE_STRICT_OBJC_MSGSEND = YES;
				ENABLE_USER_SCRIPT_SANDBOXING = YES;
				GCC_C_LANGUAGE_STANDARD = gnu17;
				GCC_NO_COMMON_BLOCKS = YES;
				GCC_WARN_64_TO_32_BIT_CONVERSION = YES;
				GCC_WARN_ABOUT_RETURN_TYPE = YES_ERROR;
				GCC_WARN_UNDECLARED_SELECTOR = YES;
				GCC_WARN_UNINITIALIZED_AUTOS = YES_AGGRESSIVE;
				GCC_WARN_UNUSED_FUNCTION = YES;
				GCC_WARN_UNUSED_VARIABLE = YES;
				IPHONEOS_DEPLOYMENT_TARGET = 16.0;
				LOCALIZATION_PREFERS_STRING_CATALOGS = YES;
				MTL_ENABLE_DEBUG_INFO = NO;
				MTL_FAST_MATH = YES;
				SDKROOT = iphoneos;
				STRING_CATALOG_GENERATE_SYMBOLS = YES;
				SWIFT_COMPILATION_MODE = wholemodule;
				SWIFT_EMIT_LOC_STRINGS = YES;
				VALIDATE_PRODUCT = YES;
			};
			name = Release;
		};
		8FC411402F957D1000097695 /* Debug configuration for PBXNativeTarget "Loupe" */ = {
			isa = XCBuildConfiguration;
			buildSettings = {
				ASSETCATALOG_COMPILER_APPICON_NAME = Loupe;
				ASSETCATALOG_COMPILER_GLOBAL_ACCENT_COLOR_NAME = AccentColor;
				CODE_SIGN_ENTITLEMENTS = Loupe/Loupe.entitlements;
				CODE_SIGN_STYLE = Automatic;
				CURRENT_PROJECT_VERSION = 1;
				DEVELOPMENT_TEAM = P54HCX53YR;
				ENABLE_APP_SANDBOX = YES;
				ENABLE_HARDENED_RUNTIME = YES;
				ENABLE_INCOMING_NETWORK_CONNECTIONS = YES;
				ENABLE_OUTGOING_NETWORK_CONNECTIONS = YES;
				ENABLE_PREVIEWS = YES;
				ENABLE_RESOURCE_ACCESS_AUDIO_INPUT = YES;
				ENABLE_RESOURCE_ACCESS_BLUETOOTH = YES;
				ENABLE_RESOURCE_ACCESS_CALENDARS = YES;
				ENABLE_RESOURCE_ACCESS_CAMERA = YES;
				ENABLE_RESOURCE_ACCESS_CONTACTS = YES;
				ENABLE_RESOURCE_ACCESS_LOCATION = YES;
				ENABLE_RESOURCE_ACCESS_PHOTO_LIBRARY = YES;
				ENABLE_RESOURCE_ACCESS_PRINTING = YES;
				ENABLE_RESOURCE_ACCESS_USB = YES;
				GENERATE_INFOPLIST_FILE = YES;
				INFOPLIST_FILE = Loupe/Info.plist;
				INFOPLIST_KEY_CFBundleDisplayName = Loupe;
				INFOPLIST_KEY_ITSAppUsesNonExemptEncryption = NO;
				INFOPLIST_KEY_LSApplicationQueriesSchemes = "whatsapp tg sgnl fb fb-messenger instagram barcelona twitter tiktok snapchat linkedin reddit discord slack zoomus msteams skype youtube spotify nflx comgooglemaps waze uber lyft careem deliveroo googlechrome firefox microsoft-edge ddgQuickLink googlegmail ms-outlook protonmail evernote onepassword lastpass github pinterest com.amazon.mobile.shopping";
				INFOPLIST_KEY_NSAppleMusicUsageDescription = "Loupe counts songs, albums, and playlists, and shows your top genres and artists. It never plays back audio.";
				INFOPLIST_KEY_NSBluetoothAlwaysUsageDescription = "Loupe runs a five-second Bluetooth LE scan for nearby peripherals. No identifiers are stored or sent anywhere.";
				INFOPLIST_KEY_NSCalendarsFullAccessUsageDescription = "Loupe counts calendars, sources and events in a 60-day window. It does not read event titles or notes.";
				INFOPLIST_KEY_NSCameraUsageDescription = "Loupe enumerates camera hardware: lens type, zoom range, field of view. It never opens the camera sensor.";
				INFOPLIST_KEY_NSContactsUsageDescription = "Loupe counts contacts and contact field labels. It does not display names, phone numbers, email addresses, or postal addresses.";
				INFOPLIST_KEY_NSLocalNetworkUsageDescription = "Loupe runs short Bonjour discovery of services on your local network. Service names are not stored.";
				INFOPLIST_KEY_NSLocationWhenInUseUsageDescription = "Loupe reads one location fix to demonstrate coordinate-based fingerprinting. Nothing is recorded or transmitted.";
				INFOPLIST_KEY_NSMicrophoneUsageDescription = "Loupe reads microphone route information and data sources. It never records audio.";
				INFOPLIST_KEY_NSMotionUsageDescription = "Loupe samples motion sensors and reads today's pedometer totals to show behavioral signals. Nothing is sent anywhere.";
				INFOPLIST_KEY_NSPhotoLibraryUsageDescription = "Loupe counts photo library assets and collections, and optionally looks up geotag locations. It never reads image data.";
				INFOPLIST_KEY_NSRemindersFullAccessUsageDescription = "Loupe counts reminder lists, shows list titles, and counts incomplete reminders. It does not display reminder titles or notes.";
				INFOPLIST_KEY_UIApplicationSceneManifest_Generation = YES;
				INFOPLIST_KEY_UIApplicationSupportsIndirectInputEvents = YES;
				INFOPLIST_KEY_UILaunchScreen_Generation = YES;
				INFOPLIST_KEY_UISupportedInterfaceOrientations_iPad = "UIInterfaceOrientationPortrait UIInterfaceOrientationPortraitUpsideDown UIInterfaceOrientationLandscapeLeft UIInterfaceOrientationLandscapeRight";
				INFOPLIST_KEY_UISupportedInterfaceOrientations_iPhone = "UIInterfaceOrientationPortrait UIInterfaceOrientationLandscapeLeft UIInterfaceOrientationLandscapeRight";
				IPHONEOS_DEPLOYMENT_TARGET = 16.0;
				LD_RUNPATH_SEARCH_PATHS = (
					"$(inherited)",
					"@executable_path/Frameworks",
				);
				MACOSX_DEPLOYMENT_TARGET = 14.0;
				MARKETING_VERSION = 1.0.1;
				PRODUCT_BUNDLE_IDENTIFIER = "$(LOUPE_BUNDLE_ID)";
				"PRODUCT_BUNDLE_IDENTIFIER[sdk=iphoneos*]" = com.onlyvae.loupe;
				PRODUCT_NAME = "$(TARGET_NAME)";
				REGISTER_APP_GROUPS = YES;
				STRING_CATALOG_GENERATE_SYMBOLS = YES;
				SUPPORTED_PLATFORMS = "iphoneos iphonesimulator macosx";
				SUPPORTS_MACCATALYST = NO;
				SUPPORTS_MAC_DESIGNED_FOR_IPHONE_IPAD = NO;
				SWIFT_APPROACHABLE_CONCURRENCY = YES;
				SWIFT_DEFAULT_ACTOR_ISOLATION = nonisolated;
				SWIFT_EMIT_LOC_STRINGS = YES;
				SWIFT_STRICT_CONCURRENCY = complete;
				SWIFT_UPCOMING_FEATURE_MEMBER_IMPORT_VISIBILITY = YES;
				SWIFT_VERSION = 5.0;
				TARGETED_DEVICE_FAMILY = "1,2,6";
			};
			name = Debug;
		};
		8FC411412F957D1000097695 /* Release configuration for PBXNativeTarget "Loupe" */ = {
			isa = XCBuildConfiguration;
			buildSettings = {
				ASSETCATALOG_COMPILER_APPICON_NAME = Loupe;
				ASSETCATALOG_COMPILER_GLOBAL_ACCENT_COLOR_NAME = AccentColor;
				CODE_SIGN_ENTITLEMENTS = Loupe/Loupe.entitlements;
				CODE_SIGN_STYLE = Automatic;
				CURRENT_PROJECT_VERSION = 1;
				DEVELOPMENT_TEAM = P54HCX53YR;
				ENABLE_APP_SANDBOX = YES;
				ENABLE_HARDENED_RUNTIME = YES;
				ENABLE_INCOMING_NETWORK_CONNECTIONS = YES;
				ENABLE_OUTGOING_NETWORK_CONNECTIONS = YES;
				ENABLE_PREVIEWS = YES;
				ENABLE_RESOURCE_ACCESS_AUDIO_INPUT = YES;
				ENABLE_RESOURCE_ACCESS_BLUETOOTH = YES;
				ENABLE_RESOURCE_ACCESS_CALENDARS = YES;
				ENABLE_RESOURCE_ACCESS_CAMERA = YES;
				ENABLE_RESOURCE_ACCESS_CONTACTS = YES;
				ENABLE_RESOURCE_ACCESS_LOCATION = YES;
				ENABLE_RESOURCE_ACCESS_PHOTO_LIBRARY = YES;
				ENABLE_RESOURCE_ACCESS_PRINTING = YES;
				ENABLE_RESOURCE_ACCESS_USB = YES;
				GENERATE_INFOPLIST_FILE = YES;
				INFOPLIST_FILE = Loupe/Info.plist;
				INFOPLIST_KEY_CFBundleDisplayName = Loupe;
				INFOPLIST_KEY_ITSAppUsesNonExemptEncryption = NO;
				INFOPLIST_KEY_LSApplicationQueriesSchemes = "whatsapp tg sgnl fb fb-messenger instagram barcelona twitter tiktok snapchat linkedin reddit discord slack zoomus msteams skype youtube spotify nflx comgooglemaps waze uber lyft careem deliveroo googlechrome firefox microsoft-edge ddgQuickLink googlegmail ms-outlook protonmail evernote onepassword lastpass github pinterest com.amazon.mobile.shopping";
				INFOPLIST_KEY_NSAppleMusicUsageDescription = "Loupe counts songs, albums, and playlists, and shows your top genres and artists. It never plays back audio.";
				INFOPLIST_KEY_NSBluetoothAlwaysUsageDescription = "Loupe runs a five-second Bluetooth LE scan for nearby peripherals. No identifiers are stored or sent anywhere.";
				INFOPLIST_KEY_NSCalendarsFullAccessUsageDescription = "Loupe counts calendars, sources and events in a 60-day window. It does not read event titles or notes.";
				INFOPLIST_KEY_NSCameraUsageDescription = "Loupe enumerates camera hardware: lens type, zoom range, field of view. It never opens the camera sensor.";
				INFOPLIST_KEY_NSContactsUsageDescription = "Loupe counts contacts and contact field labels. It does not display names, phone numbers, email addresses, or postal addresses.";
				INFOPLIST_KEY_NSLocalNetworkUsageDescription = "Loupe runs short Bonjour discovery of services on your local network. Service names are not stored.";
				INFOPLIST_KEY_NSLocationWhenInUseUsageDescription = "Loupe reads one location fix to demonstrate coordinate-based fingerprinting. Nothing is recorded or transmitted.";
				INFOPLIST_KEY_NSMicrophoneUsageDescription = "Loupe reads microphone route information and data sources. It never records audio.";
				INFOPLIST_KEY_NSMotionUsageDescription = "Loupe samples motion sensors and reads today's pedometer totals to show behavioral signals. Nothing is sent anywhere.";
				INFOPLIST_KEY_NSPhotoLibraryUsageDescription = "Loupe counts photo library assets and collections, and optionally looks up geotag locations. It never reads image data.";
				INFOPLIST_KEY_NSRemindersFullAccessUsageDescription = "Loupe counts reminder lists, shows list titles, and counts incomplete reminders. It does not display reminder titles or notes.";
				INFOPLIST_KEY_UIApplicationSceneManifest_Generation = YES;
				INFOPLIST_KEY_UIApplicationSupportsIndirectInputEvents = YES;
				INFOPLIST_KEY_UILaunchScreen_Generation = YES;
				INFOPLIST_KEY_UISupportedInterfaceOrientations_iPad = "UIInterfaceOrientationPortrait UIInterfaceOrientationPortraitUpsideDown UIInterfaceOrientationLandscapeLeft UIInterfaceOrientationLandscapeRight";
				INFOPLIST_KEY_UISupportedInterfaceOrientations_iPhone = "UIInterfaceOrientationPortrait UIInterfaceOrientationLandscapeLeft UIInterfaceOrientationLandscapeRight";
				IPHONEOS_DEPLOYMENT_TARGET = 16.0;
				LD_RUNPATH_SEARCH_PATHS = (
					"$(inherited)",
					"@executable_path/Frameworks",
				);
				MACOSX_DEPLOYMENT_TARGET = 14.0;
				MARKETING_VERSION = 1.0.1;
				PRODUCT_BUNDLE_IDENTIFIER = "$(LOUPE_BUNDLE_ID)";
				"PRODUCT_BUNDLE_IDENTIFIER[sdk=iphoneos*]" = com.onlyvae.loupe;
				PRODUCT_NAME = "$(TARGET_NAME)";
				REGISTER_APP_GROUPS = YES;
				STRING_CATALOG_GENERATE_SYMBOLS = YES;
				SUPPORTED_PLATFORMS = "iphoneos iphonesimulator macosx";
				SUPPORTS_MACCATALYST = NO;
				SUPPORTS_MAC_DESIGNED_FOR_IPHONE_IPAD = NO;
				SWIFT_APPROACHABLE_CONCURRENCY = YES;
				SWIFT_DEFAULT_ACTOR_ISOLATION = nonisolated;
				SWIFT_EMIT_LOC_STRINGS = YES;
				SWIFT_STRICT_CONCURRENCY = complete;
				SWIFT_UPCOMING_FEATURE_MEMBER_IMPORT_VISIBILITY = YES;
				SWIFT_VERSION = 5.0;
				TARGETED_DEVICE_FAMILY = "1,2,6";
			};
			name = Release;
		};
/* End XCBuildConfiguration section */

/* Begin XCConfigurationList section */
		8F68A7062FCCB045005956EC /* Build configuration list for PBXNativeTarget "LoupeUITests" */ = {
			isa = XCConfigurationList;
			buildConfigurations = (
				8F68A7072FCCB045005956EC /* Debug configuration for PBXNativeTarget "LoupeUITests" */,
				8F68A7082FCCB045005956EC /* Release configuration for PBXNativeTarget "LoupeUITests" */,
			);
			defaultConfigurationName = Release;
		};
		8FC4112F2F957D0F00097695 /* Build configuration list for PBXProject "Loupe" */ = {
			isa = XCConfigurationList;
			buildConfigurations = (
				8FC4113D2F957D1000097695 /* Debug configuration for PBXProject "Loupe" */,
				8FC4113E2F957D1000097695 /* Release configuration for PBXProject "Loupe" */,
			);
			defaultConfigurationName = Release;
		};
		8FC4113F2F957D1000097695 /* Build configuration list for PBXNativeTarget "Loupe" */ = {
			isa = XCConfigurationList;
			buildConfigurations = (
				8FC411402F957D1000097695 /* Debug configuration for PBXNativeTarget "Loupe" */,
				8FC411412F957D1000097695 /* Release configuration for PBXNativeTarget "Loupe" */,
			);
			defaultConfigurationName = Release;
		};
/* End XCConfigurationList section */
	};
	rootObject = 8FC4112C2F957D0F00097695 /* Project object */;
}
